
Microsoft Visual Studio Solution File, Format Version 12.00
# Visual Studio Version 17
VisualStudioVersion = 17.8.34309.116
MinimumVisualStudioVersion = 10.0.40219.1
Project("{FAE04EC0-301F-11D3-BF4B-00C04F79EFBC}") = "BlazorApp", "BlazorApp\BlazorApp.csproj", "{7A5FEA0C-0C51-4BD7-A307-0A69C3055D57}"
EndProject
Global
	GlobalSection(SolutionConfigurationPlatforms) = preSolution
		Debug|Any CPU = Debug|Any CPU
		Release|Any CPU = Release|Any CPU
	EndGlobalSection
	GlobalSection(ProjectConfigurationPlatforms) = postSolution
		{7A5FEA0C-0C51-4BD7-A307-0A69C3055D57}.Debug|Any CPU.ActiveCfg = Debug|Any CPU
		{7A5FEA0C-0C51-4BD7-A307-0A69C3055D57}.Debug|Any CPU.Build.0 = Debug|Any CPU
		{7A5FEA0C-0C51-4BD7-A307-0A69C3055D57}.Release|Any CPU.ActiveCfg = Release|Any CPU
		{7A5FEA0C-0C51-4BD7-A307-0A69C3055D57}.Release|Any CPU.Build.0 = Release|Any CPU
	EndGlobalSection
	GlobalSection(SolutionProperties) = preSolution
		HideSolutionNode = FALSE
	EndGlobalSection
	GlobalSection(ExtensibilityGlobals) = postSolution
		SolutionGuid = {1A7ADF48-003F-4798-9F81-7EB622A7EA51}
	EndGlobalSection
EndGlobal
